
Microsoft Visual Studio Solution File, Format Version 12.00
# Visual Studio Version 17
VisualStudioVersion = 17.0.31903.59
MinimumVisualStudioVersion = 10.0.40219.1
Project("{2150E333-8FDC-42A3-9474-1A3956D46DE8}") = "src", "src", "{827E0CD3-B72D-47B6-A68D-7590B98EB39B}"
EndProject
Project("{FAE04EC0-301F-11D3-BF4B-00C04F79EFBC}") = "Trilocation.Core", "src\Trilocation.Core\Trilocation.Core.csproj", "{6BE46D84-6109-4439-BBAE-2BF5A3F01BEE}"
EndProject
Project("{2150E333-8FDC-42A3-9474-1A3956D46DE8}") = "tests", "tests", "{0AB3BF05-4346-4AA6-1389-037BE0695223}"
EndProject
Project("{FAE04EC0-301F-11D3-BF4B-00C04F79EFBC}") = "Trilocation.Core.Tests", "tests\Trilocation.Core.Tests\Trilocation.Core.Tests.csproj", "{AD2D3160-720F-4764-AA3B-33B449A01D8B}"
EndProject
Project("{FAE04EC0-301F-11D3-BF4B-00C04F79EFBC}") = "Trilocation.Data", "src\Trilocation.Data\Trilocation.Data.csproj", "{7033B0CC-9EEA-4832-9373-B9F8EA19EF9A}"
EndProject
Project("{FAE04EC0-301F-11D3-BF4B-00C04F79EFBC}") = "Trilocation.Data.Tests", "tests\Trilocation.Data.Tests\Trilocation.Data.Tests.csproj", "{81178213-9FC5-4A09-98D9-2DF0C958450A}"
EndProject
Project("{FAE04EC0-301F-11D3-BF4B-00C04F79EFBC}") = "Trilocation.Interop", "src\Trilocation.Interop\Trilocation.Interop.csproj", "{97769BFA-19E9-4A26-8F6C-749AF188CD99}"
EndProject
Project("{FAE04EC0-301F-11D3-BF4B-00C04F79EFBC}") = "Trilocation.Interop.Tests", "tests\Trilocation.Interop.Tests\Trilocation.Interop.Tests.csproj", "{E8A24CA7-761A-4055-AAF7-1FC6362603E3}"
EndProject
Project("{2150E333-8FDC-42A3-9474-1A3956D46DE8}") = "benchmarks", "benchmarks", "{66320409-64EC-F7C5-3DEF-65E7510DAAD1}"
EndProject
Project("{FAE04EC0-301F-11D3-BF4B-00C04F79EFBC}") = "Trilocation.Benchmarks", "benchmarks\Trilocation.Benchmarks\Trilocation.Benchmarks.csproj", "{340D2290-6046-497D-83F6-3901FB2ACE06}"
EndProject
Project("{FAE04EC0-301F-11D3-BF4B-00C04F79EFBC}") = "Trilocation.Serialization", "src\Trilocation.Serialization\Trilocation.Serialization.csproj", "{F1B114FB-5005-4756-A0F8-96B0143383E6}"
EndProject
Project("{FAE04EC0-301F-11D3-BF4B-00C04F79EFBC}") = "Trilocation.Serialization.Tests", "tests\Trilocation.Serialization.Tests\Trilocation.Serialization.Tests.csproj", "{CEABC91B-25FB-4238-89A8-A03E1A21B285}"
EndProject
Project("{2150E333-8FDC-42A3-9474-1A3956D46DE8}") = "tools", "tools", "{07C2787E-EAC7-C090-1BA3-A61EC2A24D84}"
EndProject
Project("{FAE04EC0-301F-11D3-BF4B-00C04F79EFBC}") = "TestVectorGenerator", "tools\TestVectorGenerator\TestVectorGenerator.csproj", "{1E6D5082-F589-463C-95B2-A12F58E1DF75}"
EndProject
Project("{FAE04EC0-301F-11D3-BF4B-00C04F79EFBC}") = "Trilocation.Spec.Tests", "tests\Trilocation.Spec.Tests\Trilocation.Spec.Tests.csproj", "{ABFD52B9-D0B9-46CA-BC89-F440A0D5DB51}"
EndProject
Project("{2150E333-8FDC-42A3-9474-1A3956D46DE8}") = "demos", "demos", "{FA8A28C8-4B59-8028-2ACF-626D05B08DB7}"
EndProject
Project("{FAE04EC0-301F-11D3-BF4B-00C04F79EFBC}") = "Trilocation.WebDemo", "demos\Trilocation.WebDemo\Trilocation.WebDemo.csproj", "{7FD285F9-45BC-488D-9CB0-3A69B9104DCA}"
EndProject
Global
	GlobalSection(SolutionConfigurationPlatforms) = preSolution
		Debug|Any CPU = Debug|Any CPU
		Debug|x64 = Debug|x64
		Debug|x86 = Debug|x86
		Release|Any CPU = Release|Any CPU
		Release|x64 = Release|x64
		Release|x86 = Release|x86
	EndGlobalSection
	GlobalSection(ProjectConfigurationPlatforms) = postSolution
		{6BE46D84-6109-4439-BBAE-2BF5A3F01BEE}.Debug|Any CPU.ActiveCfg = Debug|Any CPU
		{6BE46D84-6109-4439-BBAE-2BF5A3F01BEE}.Debug|Any CPU.Build.0 = Debug|Any CPU
		{6BE46D84-6109-4439-BBAE-2BF5A3F01BEE}.Debug|x64.ActiveCfg = Debug|Any CPU
		{6BE46D84-6109-4439-BBAE-2BF5A3F01BEE}.Debug|x64.Build.0 = Debug|Any CPU
		{6BE46D84-6109-4439-BBAE-2BF5A3F01BEE}.Debug|x86.ActiveCfg = Debug|Any CPU
		{6BE46D84-6109-4439-BBAE-2BF5A3F01BEE}.Debug|x86.Build.0 = Debug|Any CPU
		{6BE46D84-6109-4439-BBAE-2BF5A3F01BEE}.Release|Any CPU.ActiveCfg = Release|Any CPU
		{6BE46D84-6109-4439-BBAE-2BF5A3F01BEE}.Release|Any CPU.Build.0 = Release|Any CPU
		{6BE46D84-6109-4439-BBAE-2BF5A3F01BEE}.Release|x64.ActiveCfg = Release|Any CPU
		{6BE46D84-6109-4439-BBAE-2BF5A3F01BEE}.Release|x64.Build.0 = Release|Any CPU
		{6BE46D84-6109-4439-BBAE-2BF5A3F01BEE}.Release|x86.ActiveCfg = Release|Any CPU
		{6BE46D84-6109-4439-BBAE-2BF5A3F01BEE}.Release|x86.Build.0 = Release|Any CPU
		{AD2D3160-720F-4764-AA3B-33B449A01D8B}.Debug|Any CPU.ActiveCfg = Debug|Any CPU
		{AD2D3160-720F-4764-AA3B-33B449A01D8B}.Debug|Any CPU.Build.0 = Debug|Any CPU
		{AD2D3160-720F-4764-AA3B-33B449A01D8B}.Debug|x64.ActiveCfg = Debug|Any CPU
		{AD2D3160-720F-4764-AA3B-33B449A01D8B}.Debug|x64.Build.0 = Debug|Any CPU
		{AD2D3160-720F-4764-AA3B-33B449A01D8B}.Debug|x86.ActiveCfg = Debug|Any CPU
		{AD2D3160-720F-4764-AA3B-33B449A01D8B}.Debug|x86.Build.0 = Debug|Any CPU
		{AD2D3160-720F-4764-AA3B-33B449A01D8B}.Release|Any CPU.ActiveCfg = Release|Any CPU
		{AD2D3160-720F-4764-AA3B-33B449A01D8B}.Release|Any CPU.Build.0 = Release|Any CPU
		{AD2D3160-720F-4764-AA3B-33B449A01D8B}.Release|x64.ActiveCfg = Release|Any CPU
		{AD2D3160-720F-4764-AA3B-33B449A01D8B}.Release|x64.Build.0 = Release|Any CPU
		{AD2D3160-720F-4764-AA3B-33B449A01D8B}.Release|x86.ActiveCfg = Release|Any CPU
		{AD2D3160-720F-4764-AA3B-33B449A01D8B}.Release|x86.Build.0 = Release|Any CPU
		{7033B0CC-9EEA-4832-9373-B9F8EA19EF9A}.Debug|Any CPU.ActiveCfg = Debug|Any CPU
		{7033B0CC-9EEA-4832-9373-B9F8EA19EF9A}.Debug|Any CPU.Build.0 = Debug|Any CPU
		{7033B0CC-9EEA-4832-9373-B9F8EA19EF9A}.Debug|x64.ActiveCfg = Debug|Any CPU
		{7033B0CC-9EEA-4832-9373-B9F8EA19EF9A}.Debug|x64.Build.0 = Debug|Any CPU
		{7033B0CC-9EEA-4832-9373-B9F8EA19EF9A}.Debug|x86.ActiveCfg = Debug|Any CPU
		{7033B0CC-9EEA-4832-9373-B9F8EA19EF9A}.Debug|x86.Build.0 = Debug|Any CPU
		{7033B0CC-9EEA-4832-9373-B9F8EA19EF9A}.Release|Any CPU.ActiveCfg = Release|Any CPU
		{7033B0CC-9EEA-4832-9373-B9F8EA19EF9A}.Release|Any CPU.Build.0 = Release|Any CPU
		{7033B0CC-9EEA-4832-9373-B9F8EA19EF9A}.Release|x64.ActiveCfg = Release|Any CPU
		{7033B0CC-9EEA-4832-9373-B9F8EA19EF9A}.Release|x64.Build.0 = Release|Any CPU
		{7033B0CC-9EEA-4832-9373-B9F8EA19EF9A}.Release|x86.ActiveCfg = Release|Any CPU
		{7033B0CC-9EEA-4832-9373-B9F8EA19EF9A}.Release|x86.Build.0 = Release|Any CPU
		{81178213-9FC5-4A09-98D9-2DF0C958450A}.Debug|Any CPU.ActiveCfg = Debug|Any CPU
		{81178213-9FC5-4A09-98D9-2DF0C958450A}.Debug|Any CPU.Build.0 = Debug|Any CPU
		{81178213-9FC5-4A09-98D9-2DF0C958450A}.Debug|x64.ActiveCfg = Debug|Any CPU
		{81178213-9FC5-4A09-98D9-2DF0C958450A}.Debug|x64.Build.0 = Debug|Any CPU
		{81178213-9FC5-4A09-98D9-2DF0C958450A}.Debug|x86.ActiveCfg = Debug|Any CPU
		{81178213-9FC5-4A09-98D9-2DF0C958450A}.Debug|x86.Build.0 = Debug|Any CPU
		{81178213-9FC5-4A09-98D9-2DF0C958450A}.Release|Any CPU.ActiveCfg = Release|Any CPU
		{81178213-9FC5-4A09-98D9-2DF0C958450A}.Release|Any CPU.Build.0 = Release|Any CPU
		{81178213-9FC5-4A09-98D9-2DF0C958450A}.Release|x64.ActiveCfg = Release|Any CPU
		{81178213-9FC5-4A09-98D9-2DF0C958450A}.Release|x64.Build.0 = Release|Any CPU
		{81178213-9FC5-4A09-98D9-2DF0C958450A}.Release|x86.ActiveCfg = Release|Any CPU
		{81178213-9FC5-4A09-98D9-2DF0C958450A}.Release|x86.Build.0 = Release|Any CPU
		{97769BFA-19E9-4A26-8F6C-749AF188CD99}.Debug|Any CPU.ActiveCfg = Debug|Any CPU
		{97769BFA-19E9-4A26-8F6C-749AF188CD99}.Debug|Any CPU.Build.0 = Debug|Any CPU
		{97769BFA-19E9-4A26-8F6C-749AF188CD99}.Debug|x64.ActiveCfg = Debug|Any CPU
		{97769BFA-19E9-4A26-8F6C-749AF188CD99}.Debug|x64.Build.0 = Debug|Any CPU
		{97769BFA-19E9-4A26-8F6C-749AF188CD99}.Debug|x86.ActiveCfg = Debug|Any CPU
		{97769BFA-19E9-4A26-8F6C-749AF188CD99}.Debug|x86.Build.0 = Debug|Any CPU
		{97769BFA-19E9-4A26-8F6C-749AF188CD99}.Release|Any CPU.ActiveCfg = Release|Any CPU
		{97769BFA-19E9-4A26-8F6C-749AF188CD99}.Release|Any CPU.Build.0 = Release|Any CPU
		{97769BFA-19E9-4A26-8F6C-749AF188CD99}.Release|x64.ActiveCfg = Release|Any CPU
		{97769BFA-19E9-4A26-8F6C-749AF188CD99}.Release|x64.Build.0 = Release|Any CPU
		{97769BFA-19E9-4A26-8F6C-749AF188CD99}.Release|x86.ActiveCfg = Release|Any CPU
		{97769BFA-19E9-4A26-8F6C-749AF188CD99}.Release|x86.Build.0 = Release|Any CPU
		{E8A24CA7-761A-4055-AAF7-1FC6362603E3}.Debug|Any CPU.ActiveCfg = Debug|Any CPU
		{E8A24CA7-761A-4055-AAF7-1FC6362603E3}.Debug|Any CPU.Build.0 = Debug|Any CPU
		{E8A24CA7-761A-4055-AAF7-1FC6362603E3}.Debug|x64.ActiveCfg = Debug|Any CPU
		{E8A24CA7-761A-4055-AAF7-1FC6362603E3}.Debug|x64.Build.0 = Debug|Any CPU
		{E8A24CA7-761A-4055-AAF7-1FC6362603E3}.Debug|x86.ActiveCfg = Debug|Any CPU
		{E8A24CA7-761A-4055-AAF7-1FC6362603E3}.Debug|x86.Build.0 = Debug|Any CPU
		{E8A24CA7-761A-4055-AAF7-1FC6362603E3}.Release|Any CPU.ActiveCfg = Release|Any CPU
		{E8A24CA7-761A-4055-AAF7-1FC6362603E3}.Release|Any CPU.Build.0 = Release|Any CPU
		{E8A24CA7-761A-4055-AAF7-1FC6362603E3}.Release|x64.ActiveCfg = Release|Any CPU
		{E8A24CA7-761A-4055-AAF7-1FC6362603E3}.Release|x64.Build.0 = Release|Any CPU
		{E8A24CA7-761A-4055-AAF7-1FC6362603E3}.Release|x86.ActiveCfg = Release|Any CPU
		{E8A24CA7-761A-4055-AAF7-1FC6362603E3}.Release|x86.Build.0 = Release|Any CPU
		{340D2290-6046-497D-83F6-3901FB2ACE06}.Debug|Any CPU.ActiveCfg = Debug|Any CPU
		{340D2290-6046-497D-83F6-3901FB2ACE06}.Debug|Any CPU.Build.0 = Debug|Any CPU
		{340D2290-6046-497D-83F6-3901FB2ACE06}.Debug|x64.ActiveCfg = Debug|Any CPU
		{340D2290-6046-497D-83F6-3901FB2ACE06}.Debug|x64.Build.0 = Debug|Any CPU
		{340D2290-6046-497D-83F6-3901FB2ACE06}.Debug|x86.ActiveCfg = Debug|Any CPU
		{340D2290-6046-497D-83F6-3901FB2ACE06}.Debug|x86.Build.0 = Debug|Any CPU
		{340D2290-6046-497D-83F6-3901FB2ACE06}.Release|Any CPU.ActiveCfg = Release|Any CPU
		{340D2290-6046-497D-83F6-3901FB2ACE06}.Release|Any CPU.Build.0 = Release|Any CPU
		{340D2290-6046-497D-83F6-3901FB2ACE06}.Release|x64.ActiveCfg = Release|Any CPU
		{340D2290-6046-497D-83F6-3901FB2ACE06}.Release|x64.Build.0 = Release|Any CPU
		{340D2290-6046-497D-83F6-3901FB2ACE06}.Release|x86.ActiveCfg = Release|Any CPU
		{340D2290-6046-497D-83F6-3901FB2ACE06}.Release|x86.Build.0 = Release|Any CPU
		{F1B114FB-5005-4756-A0F8-96B0143383E6}.Debug|Any CPU.ActiveCfg = Debug|Any CPU
		{F1B114FB-5005-4756-A0F8-96B0143383E6}.Debug|Any CPU.Build.0 = Debug|Any CPU
		{F1B114FB-5005-4756-A0F8-96B0143383E6}.Debug|x64.ActiveCfg = Debug|Any CPU
		{F1B114FB-5005-4756-A0F8-96B0143383E6}.Debug|x64.Build.0 = Debug|Any CPU
		{F1B114FB-5005-4756-A0F8-96B0143383E6}.Debug|x86.ActiveCfg = Debug|Any CPU
		{F1B114FB-5005-4756-A0F8-96B0143383E6}.Debug|x86.Build.0 = Debug|Any CPU
		{F1B114FB-5005-4756-A0F8-96B0143383E6}.Release|Any CPU.ActiveCfg = Release|Any CPU
		{F1B114FB-5005-4756-A0F8-96B0143383E6}.Release|Any CPU.Build.0 = Release|Any CPU
		{F1B114FB-5005-4756-A0F8-96B0143383E6}.Release|x64.ActiveCfg = Release|Any CPU
		{F1B114FB-5005-4756-A0F8-96B0143383E6}.Release|x64.Build.0 = Release|Any CPU
		{F1B114FB-5005-4756-A0F8-96B0143383E6}.Release|x86.ActiveCfg = Release|Any CPU
		{F1B114FB-5005-4756-A0F8-96B0143383E6}.Release|x86.Build.0 = Release|Any CPU
		{CEABC91B-25FB-4238-89A8-A03E1A21B285}.Debug|Any CPU.ActiveCfg = Debug|Any CPU
		{CEABC91B-25FB-4238-89A8-A03E1A21B285}.Debug|Any CPU.Build.0 = Debug|Any CPU
		{CEABC91B-25FB-4238-89A8-A03E1A21B285}.Debug|x64.ActiveCfg = Debug|Any CPU
		{CEABC91B-25FB-4238-89A8-A03E1A21B285}.Debug|x64.Build.0 = Debug|Any CPU
		{CEABC91B-25FB-4238-89A8-A03E1A21B285}.Debug|x86.ActiveCfg = Debug|Any CPU
		{CEABC91B-25FB-4238-89A8-A03E1A21B285}.Debug|x86.Build.0 = Debug|Any CPU
		{CEABC91B-25FB-4238-89A8-A03E1A21B285}.Release|Any CPU.ActiveCfg = Release|Any CPU
		{CEABC91B-25FB-4238-89A8-A03E1A21B285}.Release|Any CPU.Build.0 = Release|Any CPU
		{CEABC91B-25FB-4238-89A8-A03E1A21B285}.Release|x64.ActiveCfg = Release|Any CPU
		{CEABC91B-25FB-4238-89A8-A03E1A21B285}.Release|x64.Build.0 = Release|Any CPU
		{CEABC91B-25FB-4238-89A8-A03E1A21B285}.Release|x86.ActiveCfg = Release|Any CPU
		{CEABC91B-25FB-4238-89A8-A03E1A21B285}.Release|x86.Build.0 = Release|Any CPU
		{1E6D5082-F589-463C-95B2-A12F58E1DF75}.Debug|Any CPU.ActiveCfg = Debug|Any CPU
		{1E6D5082-F589-463C-95B2-A12F58E1DF75}.Debug|Any CPU.Build.0 = Debug|Any CPU
		{1E6D5082-F589-463C-95B2-A12F58E1DF75}.Debug|x64.ActiveCfg = Debug|Any CPU
		{1E6D5082-F589-463C-95B2-A12F58E1DF75}.Debug|x64.Build.0 = Debug|Any CPU
		{1E6D5082-F589-463C-95B2-A12F58E1DF75}.Debug|x86.ActiveCfg = Debug|Any CPU
		{1E6D5082-F589-463C-95B2-A12F58E1DF75}.Debug|x86.Build.0 = Debug|Any CPU
		{1E6D5082-F589-463C-95B2-A12F58E1DF75}.Release|Any CPU.ActiveCfg = Release|Any CPU
		{1E6D5082-F589-463C-95B2-A12F58E1DF75}.Release|Any CPU.Build.0 = Release|Any CPU
		{1E6D5082-F589-463C-95B2-A12F58E1DF75}.Release|x64.ActiveCfg = Release|Any CPU
		{1E6D5082-F589-463C-95B2-A12F58E1DF75}.Release|x64.Build.0 = Release|Any CPU
		{1E6D5082-F589-463C-95B2-A12F58E1DF75}.Release|x86.ActiveCfg = Release|Any CPU
		{1E6D5082-F589-463C-95B2-A12F58E1DF75}.Release|x86.Build.0 = Release|Any CPU
		{ABFD52B9-D0B9-46CA-BC89-F440A0D5DB51}.Debug|Any CPU.ActiveCfg = Debug|Any CPU
		{ABFD52B9-D0B9-46CA-BC89-F440A0D5DB51}.Debug|Any CPU.Build.0 = Debug|Any CPU
		{ABFD52B9-D0B9-46CA-BC89-F440A0D5DB51}.Debug|x64.ActiveCfg = Debug|Any CPU
		{ABFD52B9-D0B9-46CA-BC89-F440A0D5DB51}.Debug|x64.Build.0 = Debug|Any CPU
		{ABFD52B9-D0B9-46CA-BC89-F440A0D5DB51}.Debug|x86.ActiveCfg = Debug|Any CPU
		{ABFD52B9-D0B9-46CA-BC89-F440A0D5DB51}.Debug|x86.Build.0 = Debug|Any CPU
		{ABFD52B9-D0B9-46CA-BC89-F440A0D5DB51}.Release|Any CPU.ActiveCfg = Release|Any CPU
		{ABFD52B9-D0B9-46CA-BC89-F440A0D5DB51}.Release|Any CPU.Build.0 = Release|Any CPU
		{ABFD52B9-D0B9-46CA-BC89-F440A0D5DB51}.Release|x64.ActiveCfg = Release|Any CPU
		{ABFD52B9-D0B9-46CA-BC89-F440A0D5DB51}.Release|x64.Build.0 = Release|Any CPU
		{ABFD52B9-D0B9-46CA-BC89-F440A0D5DB51}.Release|x86.ActiveCfg = Release|Any CPU
		{ABFD52B9-D0B9-46CA-BC89-F440A0D5DB51}.Release|x86.Build.0 = Release|Any CPU
		{7FD285F9-45BC-488D-9CB0-3A69B9104DCA}.Debug|Any CPU.ActiveCfg = Debug|Any CPU
		{7FD285F9-45BC-488D-9CB0-3A69B9104DCA}.Debug|Any CPU.Build.0 = Debug|Any CPU
		{7FD285F9-45BC-488D-9CB0-3A69B9104DCA}.Debug|x64.ActiveCfg = Debug|Any CPU
		{7FD285F9-45BC-488D-9CB0-3A69B9104DCA}.Debug|x64.Build.0 = Debug|Any CPU
		{7FD285F9-45BC-488D-9CB0-3A69B9104DCA}.Debug|x86.ActiveCfg = Debug|Any CPU
		{7FD285F9-45BC-488D-9CB0-3A69B9104DCA}.Debug|x86.Build.0 = Debug|Any CPU
		{7FD285F9-45BC-488D-9CB0-3A69B9104DCA}.Release|Any CPU.ActiveCfg = Release|Any CPU
		{7FD285F9-45BC-488D-9CB0-3A69B9104DCA}.Release|Any CPU.Build.0 = Release|Any CPU
		{7FD285F9-45BC-488D-9CB0-3A69B9104DCA}.Release|x64.ActiveCfg = Release|Any CPU
		{7FD285F9-45BC-488D-9CB0-3A69B9104DCA}.Release|x64.Build.0 = Release|Any CPU
		{7FD285F9-45BC-488D-9CB0-3A69B9104DCA}.Release|x86.ActiveCfg = Release|Any CPU
		{7FD285F9-45BC-488D-9CB0-3A69B9104DCA}.Release|x86.Build.0 = Release|Any CPU
	EndGlobalSection
	GlobalSection(SolutionProperties) = preSolution
		HideSolutionNode = FALSE
	EndGlobalSection
	GlobalSection(NestedProjects) = preSolution
		{6BE46D84-6109-4439-BBAE-2BF5A3F01BEE} = {827E0CD3-B72D-47B6-A68D-7590B98EB39B}
		{AD2D3160-720F-4764-AA3B-33B449A01D8B} = {0AB3BF05-4346-4AA6-1389-037BE0695223}
		{7033B0CC-9EEA-4832-9373-B9F8EA19EF9A} = {827E0CD3-B72D-47B6-A68D-7590B98EB39B}
		{81178213-9FC5-4A09-98D9-2DF0C958450A} = {0AB3BF05-4346-4AA6-1389-037BE0695223}
		{97769BFA-19E9-4A26-8F6C-749AF188CD99} = {827E0CD3-B72D-47B6-A68D-7590B98EB39B}
		{E8A24CA7-761A-4055-AAF7-1FC6362603E3} = {0AB3BF05-4346-4AA6-1389-037BE0695223}
		{340D2290-6046-497D-83F6-3901FB2ACE06} = {66320409-64EC-F7C5-3DEF-65E7510DAAD1}
		{F1B114FB-5005-4756-A0F8-96B0143383E6} = {827E0CD3-B72D-47B6-A68D-7590B98EB39B}
		{CEABC91B-25FB-4238-89A8-A03E1A21B285} = {0AB3BF05-4346-4AA6-1389-037BE0695223}
		{1E6D5082-F589-463C-95B2-A12F58E1DF75} = {07C2787E-EAC7-C090-1BA3-A61EC2A24D84}
		{ABFD52B9-D0B9-46CA-BC89-F440A0D5DB51} = {0AB3BF05-4346-4AA6-1389-037BE0695223}
		{7FD285F9-45BC-488D-9CB0-3A69B9104DCA} = {FA8A28C8-4B59-8028-2ACF-626D05B08DB7}
	EndGlobalSection
EndGlobal
